
Microsoft Visual Studio Solution File, Format Version 12.00
# Visual Studio 15
VisualStudioVersion = 15.0.27004.2009
MinimumVisualStudioVersion = 10.0.40219.1
Project("{FAE04EC0-301F-11D3-BF4B-00C04F79EFBC}") = "AppearanceCount", "AppearanceCount\AppearanceCount.csproj", "{A5DE4FC7-9B4F-4B3E-B4D5-7014E9327A1E}"
EndProject
Global
	GlobalSection(SolutionConfigurationPlatforms) = preSolution
		Debug|Any CPU = Debug|Any CPU
		Release|Any CPU = Release|Any CPU
	EndGlobalSection
	GlobalSection(ProjectConfigurationPlatforms) = postSolution
		{A5DE4FC7-9B4F-4B3E-B4D5-7014E9327A1E}.Debug|Any CPU.ActiveCfg = Debug|Any CPU
		{A5DE4FC7-9B4F-4B3E-B4D5-7014E9327A1E}.Debug|Any CPU.Build.0 = Debug|Any CPU
		{A5DE4FC7-9B4F-4B3E-B4D5-7014E9327A1E}.Release|Any CPU.ActiveCfg = Release|Any CPU
		{A5DE4FC7-9B4F-4B3E-B4D5-7014E9327A1E}.Release|Any CPU.Build.0 = Release|Any CPU
	EndGlobalSection
	GlobalSection(SolutionProperties) = preSolution
		HideSolutionNode = FALSE
	EndGlobalSection
	GlobalSection(ExtensibilityGlobals) = postSolution
		SolutionGuid = {8C2A06FD-4848-4410-8896-DF4193F5A362}
	EndGlobalSection
EndGlobal
