
Microsoft Visual Studio Solution File, Format Version 12.00
# Visual Studio 15
VisualStudioVersion = 15.0.27004.2009
MinimumVisualStudioVersion = 10.0.40219.1
Project("{FAE04EC0-301F-11D3-BF4B-00C04F79EFBC}") = "NumberAsArray", "NumberAsArray\NumberAsArray.csproj", "{55A241E1-EC9B-4CC8-9B12-E7EDB793AEA6}"
EndProject
Global
	GlobalSection(SolutionConfigurationPlatforms) = preSolution
		Debug|Any CPU = Debug|Any CPU
		Release|Any CPU = Release|Any CPU
	EndGlobalSection
	GlobalSection(ProjectConfigurationPlatforms) = postSolution
		{55A241E1-EC9B-4CC8-9B12-E7EDB793AEA6}.Debug|Any CPU.ActiveCfg = Debug|Any CPU
		{55A241E1-EC9B-4CC8-9B12-E7EDB793AEA6}.Debug|Any CPU.Build.0 = Debug|Any CPU
		{55A241E1-EC9B-4CC8-9B12-E7EDB793AEA6}.Release|Any CPU.ActiveCfg = Release|Any CPU
		{55A241E1-EC9B-4CC8-9B12-E7EDB793AEA6}.Release|Any CPU.Build.0 = Release|Any CPU
	EndGlobalSection
	GlobalSection(SolutionProperties) = preSolution
		HideSolutionNode = FALSE
	EndGlobalSection
	GlobalSection(ExtensibilityGlobals) = postSolution
		SolutionGuid = {14C653F0-F811-4C6B-B40A-E3B1B9D6EAAE}
	EndGlobalSection
EndGlobal
